
Microsoft Visual Studio Solution File, Format Version 12.00
# Visual Studio Version 17
VisualStudioVersion = 17.11.35327.3
MinimumVisualStudioVersion = 10.0.40219.1
Project("{8BC9CEB8-8B4A-11D0-8D11-00A0C91BC942}") = "hw5-6-19", "hw5-6-19\hw5-6-19.vcxproj", "{6DB1D037-320E-414E-B742-1ED1C0F063B4}"
EndProject
Global
	GlobalSection(SolutionConfigurationPlatforms) = preSolution
		Debug|x64 = Debug|x64
		Debug|x86 = Debug|x86
		Release|x64 = Release|x64
		Release|x86 = Release|x86
	EndGlobalSection
	GlobalSection(ProjectConfigurationPlatforms) = postSolution
		{6DB1D037-320E-414E-B742-1ED1C0F063B4}.Debug|x64.ActiveCfg = Debug|x64
		{6DB1D037-320E-414E-B742-1ED1C0F063B4}.Debug|x64.Build.0 = Debug|x64
		{6DB1D037-320E-414E-B742-1ED1C0F063B4}.Debug|x86.ActiveCfg = Debug|Win32
		{6DB1D037-320E-414E-B742-1ED1C0F063B4}.Debug|x86.Build.0 = Debug|Win32
		{6DB1D037-320E-414E-B742-1ED1C0F063B4}.Release|x64.ActiveCfg = Release|x64
		{6DB1D037-320E-414E-B742-1ED1C0F063B4}.Release|x64.Build.0 = Release|x64
		{6DB1D037-320E-414E-B742-1ED1C0F063B4}.Release|x86.ActiveCfg = Release|Win32
		{6DB1D037-320E-414E-B742-1ED1C0F063B4}.Release|x86.Build.0 = Release|Win32
	EndGlobalSection
	GlobalSection(SolutionProperties) = preSolution
		HideSolutionNode = FALSE
	EndGlobalSection
	GlobalSection(ExtensibilityGlobals) = postSolution
		SolutionGuid = {E34D1379-10BA-4C93-8E31-C06D57C8CB7E}
	EndGlobalSection
EndGlobal
