
Microsoft Visual Studio Solution File, Format Version 12.00
# Visual Studio Version 17
VisualStudioVersion = 17.11.35327.3
MinimumVisualStudioVersion = 10.0.40219.1
Project("{8BC9CEB8-8B4A-11D0-8D11-00A0C91BC942}") = "hw5-6-36", "hw5-6-36\hw5-6-36.vcxproj", "{8049D842-D648-4B17-9BD5-CD67A01ACD50}"
EndProject
Global
	GlobalSection(SolutionConfigurationPlatforms) = preSolution
		Debug|x64 = Debug|x64
		Debug|x86 = Debug|x86
		Release|x64 = Release|x64
		Release|x86 = Release|x86
	EndGlobalSection
	GlobalSection(ProjectConfigurationPlatforms) = postSolution
		{8049D842-D648-4B17-9BD5-CD67A01ACD50}.Debug|x64.ActiveCfg = Debug|x64
		{8049D842-D648-4B17-9BD5-CD67A01ACD50}.Debug|x64.Build.0 = Debug|x64
		{8049D842-D648-4B17-9BD5-CD67A01ACD50}.Debug|x86.ActiveCfg = Debug|Win32
		{8049D842-D648-4B17-9BD5-CD67A01ACD50}.Debug|x86.Build.0 = Debug|Win32
		{8049D842-D648-4B17-9BD5-CD67A01ACD50}.Release|x64.ActiveCfg = Release|x64
		{8049D842-D648-4B17-9BD5-CD67A01ACD50}.Release|x64.Build.0 = Release|x64
		{8049D842-D648-4B17-9BD5-CD67A01ACD50}.Release|x86.ActiveCfg = Release|Win32
		{8049D842-D648-4B17-9BD5-CD67A01ACD50}.Release|x86.Build.0 = Release|Win32
	EndGlobalSection
	GlobalSection(SolutionProperties) = preSolution
		HideSolutionNode = FALSE
	EndGlobalSection
	GlobalSection(ExtensibilityGlobals) = postSolution
		SolutionGuid = {B8FDDBB5-D61E-47BD-90AD-DE3494E220B1}
	EndGlobalSection
EndGlobal
